
Microsoft Visual Studio Solution File, Format Version 12.00
# Visual Studio Version 17
VisualStudioVersion = 17.9.34728.123
MinimumVisualStudioVersion = 10.0.40219.1
Project("{FAE04EC0-301F-11D3-BF4B-00C04F79EFBC}") = "CoreBot", "CoreBot\CoreBot\CoreBot.csproj", "{5BDAA5A3-A9C8-40AB-8C91-1D7AABF2D8DE}"
EndProject
Project("{FAE04EC0-301F-11D3-BF4B-00C04F79EFBC}") = "CoreBot.Tests", "CoreBot\CoreBot.Tests\CoreBot.Tests.csproj", "{D4805CE4-49DB-4134-92B1-43BCC63047DE}"
EndProject
Global
	GlobalSection(SolutionConfigurationPlatforms) = preSolution
		Debug|Any CPU = Debug|Any CPU
		Release|Any CPU = Release|Any CPU
	EndGlobalSection
	GlobalSection(ProjectConfigurationPlatforms) = postSolution
		{5BDAA5A3-A9C8-40AB-8C91-1D7AABF2D8DE}.Debug|Any CPU.ActiveCfg = Debug|Any CPU
		{5BDAA5A3-A9C8-40AB-8C91-1D7AABF2D8DE}.Debug|Any CPU.Build.0 = Debug|Any CPU
		{5BDAA5A3-A9C8-40AB-8C91-1D7AABF2D8DE}.Release|Any CPU.ActiveCfg = Release|Any CPU
		{5BDAA5A3-A9C8-40AB-8C91-1D7AABF2D8DE}.Release|Any CPU.Build.0 = Release|Any CPU
		{D4805CE4-49DB-4134-92B1-43BCC63047DE}.Debug|Any CPU.ActiveCfg = Debug|Any CPU
		{D4805CE4-49DB-4134-92B1-43BCC63047DE}.Debug|Any CPU.Build.0 = Debug|Any CPU
		{D4805CE4-49DB-4134-92B1-43BCC63047DE}.Release|Any CPU.ActiveCfg = Release|Any CPU
		{D4805CE4-49DB-4134-92B1-43BCC63047DE}.Release|Any CPU.Build.0 = Release|Any CPU
	EndGlobalSection
	GlobalSection(SolutionProperties) = preSolution
		HideSolutionNode = FALSE
	EndGlobalSection
	GlobalSection(ExtensibilityGlobals) = postSolution
		SolutionGuid = {DABE319F-01F8-459A-AAFA-E70E9EDAB60E}
	EndGlobalSection
EndGlobal
